// !$*UTF8*$!
{
	archiveVersion = 1;
	classes = {
	};
	objectVersion = 50;
	objects = {

/* Begin PBXBuildFile section */
		CA3A3434217FB9BC00650E0E /* AppDelegate.swift in Sources */ = {isa = PBXBuildFile; fileRef = CA3A3433217FB9BC00650E0E /* AppDelegate.swift */; };
		CA3A3436217FB9BC00650E0E /* ViewController.swift in Sources */ = {isa = PBXBuildFile; fileRef = CA3A3435217FB9BC00650E0E /* ViewController.swift */; };
		CA3A3439217FB9BC00650E0E /* Main.storyboard in Resources */ = {isa = PBXBuildFile; fileRef = CA3A3437217FB9BC00650E0E /* Main.storyboard */; };
		CA3A343C217FB9BC00650E0E /* Facebook_Messenger.xcdatamodeld in Sources */ = {isa = PBXBuildFile; fileRef = CA3A343A217FB9BC00650E0E /* Facebook_Messenger.xcdatamodeld */; };
		CA3A343E217FB9C000650E0E /* Assets.xcassets in Resources */ = {isa = PBXBuildFile; fileRef = CA3A343D217FB9C000650E0E /* Assets.xcassets */; };
		CA3A3441217FB9C000650E0E /* LaunchScreen.storyboard in Resources */ = {isa = PBXBuildFile; fileRef = CA3A343F217FB9C000650E0E /* LaunchScreen.storyboard */; };
/* End PBXBuildFile section */

/* Begin PBXFileReference section */
		CA3A3430217FB9BC00650E0E /* Facebook Messenger.app */ = {isa = PBXFileReference; explicitFileType = wrapper.application; includeInIndex = 0; path = "Facebook Messenger.app"; sourceTree = BUILT_PRODUCTS_DIR; };
		CA3A3433217FB9BC00650E0E /* AppDelegate.swift */ = {isa = PBXFileReference; lastKnownFileType = sourcecode.swift; path = AppDelegate.swift; sourceTree = "<group>"; };
		CA3A3435217FB9BC00650E0E /* ViewController.swift */ = {isa = PBXFileReference; lastKnownFileType = sourcecode.swift; path = ViewController.swift; sourceTree = "<group>"; };
		CA3A3438217FB9BC00650E0E /* Base */ = {isa = PBXFileReference; lastKnownFileType = file.storyboard; name = Base; path = Base.lproj/Main.storyboard; sourceTree = "<group>"; };
		CA3A343B217FB9BC00650E0E /* Facebook_Messenger.xcdatamodel */ = {isa = PBXFileReference; lastKnownFileType = wrapper.xcdatamodel; path = Facebook_Messenger.xcdatamodel; sourceTree = "<group>"; };
		CA3A343D217FB9C000650E0E /* Assets.xcassets */ = {isa = PBXFileReference; lastKnownFileType = folder.assetcatalog; path = Assets.xcassets; sourceTree = "<group>"; };
		CA3A3440217FB9C000650E0E /* Base */ = {isa = PBXFileReference; lastKnownFileType = file.storyboard; name = Base; path = Base.lproj/LaunchScreen.storyboard; sourceTree = "<group>"; };
		CA3A3442217FB9C000650E0E /* Info.plist */ = {isa = PBXFileReference; lastKnownFileType = text.plist.xml; path = Info.plist; sourceTree = "<group>"; };
/* End PBXFileReference section */

/* Begin PBXFrameworksBuildPhase section */
		CA3A342D217FB9BC00650E0E /* Frameworks */ = {
			isa = PBXFrameworksBuildPhase;
			buildActionMask = 2147483647;
			files = (
			);
			runOnlyForDeploymentPostprocessing = 0;
		};
/* End PBXFrameworksBuildPhase section */

/* Begin PBXGroup section */
		CA3A3427217FB9BC00650E0E = {
			isa = PBXGroup;
			children = (
				CA3A3432217FB9BC00650E0E /* Facebook Messenger */,
				CA3A3431217FB9BC00650E0E /* Products */,
			);
			sourceTree = "<group>";
		};
		CA3A3431217FB9BC00650E0E /* Products */ = {
			isa = PBXGroup;
			children = (
				CA3A3430217FB9BC00650E0E /* Facebook Messenger.app */,
			);
			name = Products;
			sourceTree = "<group>";
		};
		CA3A3432217FB9BC00650E0E /* Facebook Messenger */ = {
			isa = PBXGroup;
			children = (
				CA3A3433217FB9BC00650E0E /* AppDelegate.swift */,
				CA3A3435217FB9BC00650E0E /* ViewController.swift */,
				CA3A3437217FB9BC00650E0E /* Main.storyboard */,
				CA3A343D217FB9C000650E0E /* Assets.xcassets */,
				CA3A343F217FB9C000650E0E /* LaunchScreen.storyboard */,
				CA3A3442217FB9C000650E0E /* Info.plist */,
				CA3A343A217FB9BC00650E0E /* Facebook_Messenger.xcdatamodeld */,
			);
			path = "Facebook Messenger";
			sourceTree = "<group>";
		};
/* End PBXGroup section */

/* Begin PBXNativeTarget section */
		CA3A342F217FB9BC00650E0E /* Facebook Messenger */ = {
			isa = PBXNativeTarget;
			buildConfigurationList = CA3A3445217FB9C000650E0E /* Build configuration list for PBXNativeTarget "Facebook Messenger" */;
			buildPhases = (
				CA3A342C217FB9BC00650E0E /* Sources */,
				CA3A342D217FB9BC00650E0E /* Frameworks */,
				CA3A342E217FB9BC00650E0E /* Resources */,
			);
			buildRules = (
			);
			dependencies = (
			);
			name = "Facebook Messenger";
			productName = "Facebook Messenger";
			productReference = CA3A3430217FB9BC00650E0E /* Facebook Messenger.app */;
			productType = "com.apple.product-type.application";
		};
/* End PBXNativeTarget section */

/* Begin PBXProject section */
		CA3A3428217FB9BC00650E0E /* Project object */ = {
			isa = PBXProject;
			attributes = {
				LastSwiftUpdateCheck = 1000;
				LastUpgradeCheck = 1000;
				ORGANIZATIONNAME = "Parker Lee";
				TargetAttributes = {
					CA3A342F217FB9BC00650E0E = {
						CreatedOnToolsVersion = 10.0;
					};
				};
			};
			buildConfigurationList = CA3A342B217FB9BC00650E0E /* Build configuration list for PBXProject "Facebook Messenger" */;
			compatibilityVersion = "Xcode 9.3";
			developmentRegion = en;
			hasScannedForEncodings = 0;
			knownRegions = (
				en,
				Base,
			);
			mainGroup = CA3A3427217FB9BC00650E0E;
			productRefGroup = CA3A3431217FB9BC00650E0E /* Products */;
			projectDirPath = "";
			projectRoot = "";
			targets = (
				CA3A342F217FB9BC00650E0E /* Facebook Messenger */,
			);
		};
/* End PBXProject section */

/* Begin PBXResourcesBuildPhase section */
		CA3A342E217FB9BC00650E0E /* Resources */ = {
			isa = PBXResourcesBuildPhase;
			buildActionMask = 2147483647;
			files = (
				CA3A3441217FB9C000650E0E /* LaunchScreen.storyboard in Resources */,
				CA3A343E217FB9C000650E0E /* Assets.xcassets in Resources */,
				CA3A3439217FB9BC00650E0E /* Main.storyboard in Resources */,
			);
			runOnlyForDeploymentPostprocessing = 0;
		};
/* End PBXResourcesBuildPhase section */

/* Begin PBXSourcesBuildPhase section */
		CA3A342C217FB9BC00650E0E /* Sources */ = {
			isa = PBXSourcesBuildPhase;
			buildActionMask = 2147483647;
			files = (
				CA3A3436217FB9BC00650E0E /* ViewController.swift in Sources */,
				CA3A343C217FB9BC00650E0E /* Facebook_Messenger.xcdatamodeld in Sources */,
				CA3A3434217FB9BC00650E0E /* AppDelegate.swift in Sources */,
			);
			runOnlyForDeploymentPostprocessing = 0;
		};
/* End PBXSourcesBuildPhase section */

/* Begin PBXVariantGroup section */
		CA3A3437217FB9BC00650E0E /* Main.storyboard */ = {
			isa = PBXVariantGroup;
			children = (
				CA3A3438217FB9BC00650E0E /* Base */,
			);
			name = Main.storyboard;
			sourceTree = "<group>";
		};
		CA3A343F217FB9C000650E0E /* LaunchScreen.storyboard */ = {
			isa = PBXVariantGroup;
			children = (
				CA3A3440217FB9C000650E0E /* Base */,
			);
			name = LaunchScreen.storyboard;
			sourceTree = "<group>";
		};
/* End PBXVariantGroup section */

/* Begin XCBuildConfiguration section */
		CA3A3443217FB9C000650E0E /* Debug */ = {
			isa = XCBuildConfiguration;
			buildSettings = {
				ALWAYS_SEARCH_USER_PATHS = NO;
				CLANG_ANALYZER_NONNULL = YES;
				CLANG_ANALYZER_NUMBER_OBJECT_CONVERSION = YES_AGGRESSIVE;
				CLANG_CXX_LANGUAGE_STANDARD = "gnu++14";
				CLANG_CXX_LIBRARY = "libc++";
				CLANG_ENABLE_MODULES = YES;
				CLANG_ENABLE_OBJC_ARC = YES;
				CLANG_ENABLE_OBJC_WEAK = YES;
				CLANG_WARN_BLOCK_CAPTURE_AUTORELEASING = YES;
				CLANG_WARN_BOOL_CONVERSION = YES;
				CLANG_WARN_COMMA = YES;
				CLANG_WARN_CONSTANT_CONVERSION = YES;
				CLANG_WARN_DEPRECATED_OBJC_IMPLEMENTATIONS = YES;
				CLANG_WARN_DIRECT_OBJC_ISA_USAGE = YES_ERROR;
				CLANG_WARN_DOCUMENTATION_COMMENTS = YES;
				CLANG_WARN_EMPTY_BODY = YES;
				CLANG_WARN_ENUM_CONVERSION = YES;
				CLANG_WARN_INFINITE_RECURSION = YES;
				CLANG_WARN_INT_CONVERSION = YES;
				CLANG_WARN_NON_LITERAL_NULL_CONVERSION = YES;
				CLANG_WARN_OBJC_IMPLICIT_RETAIN_SELF = YES;
				CLANG_WARN_OBJC_LITERAL_CONVERSION = YES;
				CLANG_WARN_OBJC_ROOT_CLASS = YES_ERROR;
				CLANG_WARN_RANGE_LOOP_ANALYSIS = YES;
				CLANG_WARN_STRICT_PROTOTYPES = YES;
				CLANG_WARN_SUSPICIOUS_MOVE = YES;
				CLANG_WARN_UNGUARDED_AVAILABILITY = YES_AGGRESSIVE;
				CLANG_WARN_UNREACHABLE_CODE = YES;
				CLANG_WARN__DUPLICATE_METHOD_MATCH = YES;
				CODE_SIGN_IDENTITY = "iPhone Developer";
				COPY_PHASE_STRIP = NO;
				DEBUG_INFORMATION_FORMAT = dwarf;
				ENABLE_STRICT_OBJC_MSGSEND = YES;
				ENABLE_TESTABILITY = YES;
				GCC_C_LANGUAGE_STANDARD = gnu11;
				GCC_DYNAMIC_NO_PIC = NO;
				GCC_NO_COMMON_BLOCKS = YES;
				GCC_OPTIMIZATION_LEVEL = 0;
				GCC_PREPROCESSOR_DEFINITIONS = (
					"DEBUG=1",
					"$(inherited)",
				);
				GCC_WARN_64_TO_32_BIT_CONVERSION = YES;
				GCC_WARN_ABOUT_RETURN_TYPE = YES_ERROR;
				GCC_WARN_UNDECLARED_SELECTOR = YES;
				GCC_WARN_UNINITIALIZED_AUTOS = YES_AGGRESSIVE;
				GCC_WARN_UNUSED_FUNCTION = YES;
				GCC_WARN_UNUSED_VARIABLE = YES;
				IPHONEOS_DEPLOYMENT_TARGET = 12.0;
				MTL_ENABLE_DEBUG_INFO = INCLUDE_SOURCE;
				MTL_FAST_MATH = YES;
				ONLY_ACTIVE_ARCH = YES;
				SDKROOT = iphoneos;
				SWIFT_ACTIVE_COMPILATION_CONDITIONS = DEBUG;
				SWIFT_OPTIMIZATION_LEVEL = "-Onone";
			};
			name = Debug;
		};
		CA3A3444217FB9C000650E0E /* Release */ = {
			isa = XCBuildConfiguration;
			buildSettings = {
				ALWAYS_SEARCH_USER_PATHS = NO;
				CLANG_ANALYZER_NONNULL = YES;
				CLANG_ANALYZER_NUMBER_OBJECT_CONVERSION = YES_AGGRESSIVE;
				CLANG_CXX_LANGUAGE_STANDARD = "gnu++14";
				CLANG_CXX_LIBRARY = "libc++";
				CLANG_ENABLE_MODULES = YES;
				CLANG_ENABLE_OBJC_ARC = YES;
				CLANG_ENABLE_OBJC_WEAK = YES;
				CLANG_WARN_BLOCK_CAPTURE_AUTORELEASING = YES;
				CLANG_WARN_BOOL_CONVERSION = YES;
				CLANG_WARN_COMMA = YES;
				CLANG_WARN_CONSTANT_CONVERSION = YES;
				CLANG_WARN_DEPRECATED_OBJC_IMPLEMENTATIONS = YES;
				CLANG_WARN_DIRECT_OBJC_ISA_USAGE = YES_ERROR;
				CLANG_WARN_DOCUMENTATION_COMMENTS = YES;
				CLANG_WARN_EMPTY_BODY = YES;
				CLANG_WARN_ENUM_CONVERSION = YES;
				CLANG_WARN_INFINITE_RECURSION = YES;
				CLANG_WARN_INT_CONVERSION = YES;
				CLANG_WARN_NON_LITERAL_NULL_CONVERSION = YES;
				CLANG_WARN_OBJC_IMPLICIT_RETAIN_SELF = YES;
				CLANG_WARN_OBJC_LITERAL_CONVERSION = YES;
				CLANG_WARN_OBJC_ROOT_CLASS = YES_ERROR;
				CLANG_WARN_RANGE_LOOP_ANALYSIS = YES;
				CLANG_WARN_STRICT_PROTOTYPES = YES;
				CLANG_WARN_SUSPICIOUS_MOVE = YES;
				CLANG_WARN_UNGUARDED_AVAILABILITY = YES_AGGRESSIVE;
				CLANG_WARN_UNREACHABLE_CODE = YES;
				CLANG_WARN__DUPLICATE_METHOD_MATCH = YES;
				CODE_SIGN_IDENTITY = "iPhone Developer";
				COPY_PHASE_STRIP = NO;
				DEBUG_INFORMATION_FORMAT = "dwarf-with-dsym";
				ENABLE_NS_ASSERTIONS = NO;
				ENABLE_STRICT_OBJC_MSGSEND = YES;
				GCC_C_LANGUAGE_STANDARD = gnu11;
				GCC_NO_COMMON_BLOCKS = YES;
				GCC_WARN_64_TO_32_BIT_CONVERSION = YES;
				GCC_WARN_ABOUT_RETURN_TYPE = YES_ERROR;
				GCC_WARN_UNDECLARED_SELECTOR = YES;
				GCC_WARN_UNINITIALIZED_AUTOS = YES_AGGRESSIVE;
				GCC_WARN_UNUSED_FUNCTION = YES;
				GCC_WARN_UNUSED_VARIABLE = YES;
				IPHONEOS_DEPLOYMENT_TARGET = 12.0;
				MTL_ENABLE_DEBUG_INFO = NO;
				MTL_FAST_MATH = YES;
				SDKROOT = iphoneos;
				SWIFT_COMPILATION_MODE = wholemodule;
				SWIFT_OPTIMIZATION_LEVEL = "-O";
				VALIDATE_PRODUCT = YES;
			};
			name = Release;
		};
		CA3A3446217FB9C000650E0E /* Debug */ = {
			isa = XCBuildConfiguration;
			buildSettings = {
				ASSETCATALOG_COMPILER_APPICON_NAME = AppIcon;
				CODE_SIGN_STYLE = Automatic;
				DEVELOPMENT_TEAM = 9X7TU3GKC5;
				INFOPLIST_FILE = "Facebook Messenger/Info.plist";
				LD_RUNPATH_SEARCH_PATHS = (
					"$(inherited)",
					"@executable_path/Frameworks",
				);
				PRODUCT_BUNDLE_IDENTIFIER = "com.parkerlee.Facebook-Messenger";
				PRODUCT_NAME = "$(TARGET_NAME)";
				SWIFT_VERSION = 4.2;
				TARGETED_DEVICE_FAMILY = "1,2";
			};
			name = Debug;
		};
		CA3A3447217FB9C000650E0E /* Release */ = {
			isa = XCBuildConfiguration;
			buildSettings = {
				ASSETCATALOG_COMPILER_APPICON_NAME = AppIcon;
				CODE_SIGN_STYLE = Automatic;
				DEVELOPMENT_TEAM = 9X7TU3GKC5;
				INFOPLIST_FILE = "Facebook Messenger/Info.plist";
				LD_RUNPATH_SEARCH_PATHS = (
					"$(inherited)",
					"@executable_path/Frameworks",
				);
				PRODUCT_BUNDLE_IDENTIFIER = "com.parkerlee.Facebook-Messenger";
				PRODUCT_NAME = "$(TARGET_NAME)";
				SWIFT_VERSION = 4.2;
				TARGETED_DEVICE_FAMILY = "1,2";
			};
			name = Release;
		};
/* End XCBuildConfiguration section */

/* Begin XCConfigurationList section */
		CA3A342B217FB9BC00650E0E /* Build configuration list for PBXProject "Facebook Messenger" */ = {
			isa = XCConfigurationList;
			buildConfigurations = (
				CA3A3443217FB9C000650E0E /* Debug */,
				CA3A3444217FB9C000650E0E /* Release */,
			);
			defaultConfigurationIsVisible = 0;
			defaultConfigurationName = Release;
		};
		CA3A3445217FB9C000650E0E /* Build configuration list for PBXNativeTarget "Facebook Messenger" */ = {
			isa = XCConfigurationList;
			buildConfigurations = (
				CA3A3446217FB9C000650E0E /* Debug */,
				CA3A3447217FB9C000650E0E /* Release */,
			);
			defaultConfigurationIsVisible = 0;
			defaultConfigurationName = Release;
		};
/* End XCConfigurationList section */

/* Begin XCVersionGroup section */
		CA3A343A217FB9BC00650E0E /* Facebook_Messenger.xcdatamodeld */ = {
			isa = XCVersionGroup;
			children = (
				CA3A343B217FB9BC00650E0E /* Facebook_Messenger.xcdatamodel */,
			);
			currentVersion = CA3A343B217FB9BC00650E0E /* Facebook_Messenger.xcdatamodel */;
			path = Facebook_Messenger.xcdatamodeld;
			sourceTree = "<group>";
			versionGroupType = wrapper.xcdatamodel;
		};
/* End XCVersionGroup section */
	};
	rootObject = CA3A3428217FB9BC00650E0E /* Project object */;
}
